
Microsoft Visual Studio Solution File, Format Version 11.00
# Visual Studio 2010
Project("{FAE04EC0-301F-11D3-BF4B-00C04F79EFBC}") = "Microsoft.DirectX.Direct3D", "Microsoft.DirectX.Direct3D\Microsoft.DirectX.Direct3D.csproj", "{E4DC3E71-F97F-4A01-A641-3513E69DE3C2}"
EndProject
Project("{FAE04EC0-301F-11D3-BF4B-00C04F79EFBC}") = "Microsoft.DirectX.Direct3DX", "Microsoft.DirectX.Direct3DX\Microsoft.DirectX.Direct3DX.csproj", "{DCF3D848-D04D-4884-A375-A5ED981CD989}"
EndProject
Project("{FAE04EC0-301F-11D3-BF4B-00C04F79EFBC}") = "Microsoft.DirectX", "Microsoft.DirectX\Microsoft.DirectX.csproj", "{53A53B8E-C9EF-4B7C-AB48-47B45F36BA3E}"
EndProject
Project("{FAE04EC0-301F-11D3-BF4B-00C04F79EFBC}") = "Microsoft.DirectX.DirectInput", "Microsoft.DirectX.DirectInput\Microsoft.DirectX.DirectInput.csproj", "{69E5220D-7509-44B5-81E9-A2CA3ED0FACF}"
EndProject
Project("{FAE04EC0-301F-11D3-BF4B-00C04F79EFBC}") = "Microsoft.DirectX.DirectSound", "Microsoft.DirectX.DirectSound\Microsoft.DirectX.DirectSound.csproj", "{9B7520FB-FAED-43FE-AC79-0FDF147D7A80}"
EndProject
Project("{FAE04EC0-301F-11D3-BF4B-00C04F79EFBC}") = "Microsoft.DirectX.DirectPlay", "Microsoft.DirectX.DirectPlay\Microsoft.DirectX.DirectPlay.csproj", "{27B3E264-4571-4275-BA71-25C17396681A}"
EndProject
Project("{FAE04EC0-301F-11D3-BF4B-00C04F79EFBC}") = "Test.Microsoft.DirectX.Direct3D", "Test.Microsoft.DirectX.Direct3D\Test.Microsoft.DirectX.Direct3D.csproj", "{712819FD-E9ED-42E3-8BCA-AC164384167B}"
EndProject
Project("{FAE04EC0-301F-11D3-BF4B-00C04F79EFBC}") = "Test.Microsoft.DirectX", "Test.Microsoft.DirectX\Test.Microsoft.DirectX.csproj", "{A2D99039-3DA8-4A24-97DD-0C89CB8042B7}"
EndProject
Project("{FAE04EC0-301F-11D3-BF4B-00C04F79EFBC}") = "Test.Microsoft.DirectX.Direct3DX", "Test.Microsoft.DirectX.Direct3DX\Test.Microsoft.DirectX.Direct3DX.csproj", "{0A14E60C-AB47-4DE6-869A-BC9734924F61}"
EndProject
Global
	GlobalSection(SolutionConfigurationPlatforms) = preSolution
		Debug|Any CPU = Debug|Any CPU
		Release|Any CPU = Release|Any CPU
	EndGlobalSection
	GlobalSection(ProjectConfigurationPlatforms) = postSolution
		{0A14E60C-AB47-4DE6-869A-BC9734924F61}.Debug|Any CPU.ActiveCfg = Debug|Any CPU
		{0A14E60C-AB47-4DE6-869A-BC9734924F61}.Debug|Any CPU.Build.0 = Debug|Any CPU
		{0A14E60C-AB47-4DE6-869A-BC9734924F61}.Release|Any CPU.ActiveCfg = Release|Any CPU
		{0A14E60C-AB47-4DE6-869A-BC9734924F61}.Release|Any CPU.Build.0 = Release|Any CPU
		{27B3E264-4571-4275-BA71-25C17396681A}.Debug|Any CPU.ActiveCfg = Debug|Any CPU
		{27B3E264-4571-4275-BA71-25C17396681A}.Debug|Any CPU.Build.0 = Debug|Any CPU
		{27B3E264-4571-4275-BA71-25C17396681A}.Release|Any CPU.ActiveCfg = Release|Any CPU
		{27B3E264-4571-4275-BA71-25C17396681A}.Release|Any CPU.Build.0 = Release|Any CPU
		{53A53B8E-C9EF-4B7C-AB48-47B45F36BA3E}.Debug|Any CPU.ActiveCfg = Debug|Any CPU
		{53A53B8E-C9EF-4B7C-AB48-47B45F36BA3E}.Debug|Any CPU.Build.0 = Debug|Any CPU
		{53A53B8E-C9EF-4B7C-AB48-47B45F36BA3E}.Release|Any CPU.ActiveCfg = Release|Any CPU
		{53A53B8E-C9EF-4B7C-AB48-47B45F36BA3E}.Release|Any CPU.Build.0 = Release|Any CPU
		{69E5220D-7509-44B5-81E9-A2CA3ED0FACF}.Debug|Any CPU.ActiveCfg = Debug|Any CPU
		{69E5220D-7509-44B5-81E9-A2CA3ED0FACF}.Debug|Any CPU.Build.0 = Debug|Any CPU
		{69E5220D-7509-44B5-81E9-A2CA3ED0FACF}.Release|Any CPU.ActiveCfg = Release|Any CPU
		{69E5220D-7509-44B5-81E9-A2CA3ED0FACF}.Release|Any CPU.Build.0 = Release|Any CPU
		{712819FD-E9ED-42E3-8BCA-AC164384167B}.Debug|Any CPU.ActiveCfg = Debug|Any CPU
		{712819FD-E9ED-42E3-8BCA-AC164384167B}.Debug|Any CPU.Build.0 = Debug|Any CPU
		{712819FD-E9ED-42E3-8BCA-AC164384167B}.Release|Any CPU.ActiveCfg = Release|Any CPU
		{712819FD-E9ED-42E3-8BCA-AC164384167B}.Release|Any CPU.Build.0 = Release|Any CPU
		{9B7520FB-FAED-43FE-AC79-0FDF147D7A80}.Debug|Any CPU.ActiveCfg = Debug|Any CPU
		{9B7520FB-FAED-43FE-AC79-0FDF147D7A80}.Debug|Any CPU.Build.0 = Debug|Any CPU
		{9B7520FB-FAED-43FE-AC79-0FDF147D7A80}.Release|Any CPU.ActiveCfg = Release|Any CPU
		{9B7520FB-FAED-43FE-AC79-0FDF147D7A80}.Release|Any CPU.Build.0 = Release|Any CPU
		{A2D99039-3DA8-4A24-97DD-0C89CB8042B7}.Debug|Any CPU.ActiveCfg = Debug|Any CPU
		{A2D99039-3DA8-4A24-97DD-0C89CB8042B7}.Debug|Any CPU.Build.0 = Debug|Any CPU
		{A2D99039-3DA8-4A24-97DD-0C89CB8042B7}.Release|Any CPU.ActiveCfg = Release|Any CPU
		{A2D99039-3DA8-4A24-97DD-0C89CB8042B7}.Release|Any CPU.Build.0 = Release|Any CPU
		{DCF3D848-D04D-4884-A375-A5ED981CD989}.Debug|Any CPU.ActiveCfg = Debug|Any CPU
		{DCF3D848-D04D-4884-A375-A5ED981CD989}.Debug|Any CPU.Build.0 = Debug|Any CPU
		{DCF3D848-D04D-4884-A375-A5ED981CD989}.Release|Any CPU.ActiveCfg = Release|Any CPU
		{DCF3D848-D04D-4884-A375-A5ED981CD989}.Release|Any CPU.Build.0 = Release|Any CPU
		{E4DC3E71-F97F-4A01-A641-3513E69DE3C2}.Debug|Any CPU.ActiveCfg = Debug|Any CPU
		{E4DC3E71-F97F-4A01-A641-3513E69DE3C2}.Debug|Any CPU.Build.0 = Debug|Any CPU
		{E4DC3E71-F97F-4A01-A641-3513E69DE3C2}.Release|Any CPU.ActiveCfg = Release|Any CPU
		{E4DC3E71-F97F-4A01-A641-3513E69DE3C2}.Release|Any CPU.Build.0 = Release|Any CPU
	EndGlobalSection
	GlobalSection(MonoDevelopProperties) = preSolution
		StartupItem = Microsoft.DirectX.Direct3DX\Microsoft.DirectX.Direct3DX.csproj
	EndGlobalSection
EndGlobal
